// !$*UTF8*$!
{
	archiveVersion = 1;
	classes = {
	};
	objectVersion = 46;
	objects = {

/* Begin PBXBuildFile section */
		11C76D431965BB1700732833 /* main.cpp in Sources */ = {isa = PBXBuildFile; fileRef = 11C76D421965BB1700732833 /* main.cpp */; };
		11C76D451965BB1700732833 /* Queue.1 in CopyFiles */ = {isa = PBXBuildFile; fileRef = 11C76D441965BB1700732833 /* Queue.1 */; };
		11C76D4D1965BB3D00732833 /* class.Queue.cpp in Sources */ = {isa = PBXBuildFile; fileRef = 11C76D4B1965BB3D00732833 /* class.Queue.cpp */; };
/* End PBXBuildFile section */

/* Begin PBXCopyFilesBuildPhase section */
		11C76D3D1965BB1700732833 /* CopyFiles */ = {
			isa = PBXCopyFilesBuildPhase;
			buildActionMask = 2147483647;
			dstPath = /usr/share/man/man1/;
			dstSubfolderSpec = 0;
			files = (
				11C76D451965BB1700732833 /* Queue.1 in CopyFiles */,
			);
			runOnlyForDeploymentPostprocessing = 1;
		};
/* End PBXCopyFilesBuildPhase section */

/* Begin PBXFileReference section */
		11C76D3F1965BB1700732833 /* Queue */ = {isa = PBXFileReference; explicitFileType = "compiled.mach-o.executable"; includeInIndex = 0; path = Queue; sourceTree = BUILT_PRODUCTS_DIR; };
		11C76D421965BB1700732833 /* main.cpp */ = {isa = PBXFileReference; lastKnownFileType = sourcecode.cpp.cpp; path = main.cpp; sourceTree = "<group>"; };
		11C76D441965BB1700732833 /* Queue.1 */ = {isa = PBXFileReference; lastKnownFileType = text.man; path = Queue.1; sourceTree = "<group>"; };
		11C76D4B1965BB3D00732833 /* class.Queue.cpp */ = {isa = PBXFileReference; fileEncoding = 4; lastKnownFileType = sourcecode.cpp.cpp; path = class.Queue.cpp; sourceTree = "<group>"; };
		11C76D4C1965BB3D00732833 /* class.Queue.h */ = {isa = PBXFileReference; fileEncoding = 4; lastKnownFileType = sourcecode.c.h; path = class.Queue.h; sourceTree = "<group>"; };
/* End PBXFileReference section */

/* Begin PBXFrameworksBuildPhase section */
		11C76D3C1965BB1700732833 /* Frameworks */ = {
			isa = PBXFrameworksBuildPhase;
			buildActionMask = 2147483647;
			files = (
			);
			runOnlyForDeploymentPostprocessing = 0;
		};
/* End PBXFrameworksBuildPhase section */

/* Begin PBXGroup section */
		11C76D361965BB1700732833 = {
			isa = PBXGroup;
			children = (
				11C76D411965BB1700732833 /* Queue */,
				11C76D401965BB1700732833 /* Products */,
			);
			sourceTree = "<group>";
		};
		11C76D401965BB1700732833 /* Products */ = {
			isa = PBXGroup;
			children = (
				11C76D3F1965BB1700732833 /* Queue */,
			);
			name = Products;
			sourceTree = "<group>";
		};
		11C76D411965BB1700732833 /* Queue */ = {
			isa = PBXGroup;
			children = (
				11C76D421965BB1700732833 /* main.cpp */,
				11C76D441965BB1700732833 /* Queue.1 */,
				11C76D4B1965BB3D00732833 /* class.Queue.cpp */,
				11C76D4C1965BB3D00732833 /* class.Queue.h */,
			);
			path = Queue;
			sourceTree = "<group>";
		};
/* End PBXGroup section */

/* Begin PBXNativeTarget section */
		11C76D3E1965BB1700732833 /* Queue */ = {
			isa = PBXNativeTarget;
			buildConfigurationList = 11C76D481965BB1700732833 /* Build configuration list for PBXNativeTarget "Queue" */;
			buildPhases = (
				11C76D3B1965BB1700732833 /* Sources */,
				11C76D3C1965BB1700732833 /* Frameworks */,
				11C76D3D1965BB1700732833 /* CopyFiles */,
			);
			buildRules = (
			);
			dependencies = (
			);
			name = Queue;
			productName = Queue;
			productReference = 11C76D3F1965BB1700732833 /* Queue */;
			productType = "com.apple.product-type.tool";
		};
/* End PBXNativeTarget section */

/* Begin PBXProject section */
		11C76D371965BB1700732833 /* Project object */ = {
			isa = PBXProject;
			attributes = {
				LastUpgradeCheck = 0460;
				ORGANIZATIONNAME = "Vladimir Kuzmov";
			};
			buildConfigurationList = 11C76D3A1965BB1700732833 /* Build configuration list for PBXProject "Queue" */;
			compatibilityVersion = "Xcode 3.2";
			developmentRegion = English;
			hasScannedForEncodings = 0;
			knownRegions = (
				en,
			);
			mainGroup = 11C76D361965BB1700732833;
			productRefGroup = 11C76D401965BB1700732833 /* Products */;
			projectDirPath = "";
			projectRoot = "";
			targets = (
				11C76D3E1965BB1700732833 /* Queue */,
			);
		};
/* End PBXProject section */

/* Begin PBXSourcesBuildPhase section */
		11C76D3B1965BB1700732833 /* Sources */ = {
			isa = PBXSourcesBuildPhase;
			buildActionMask = 2147483647;
			files = (
				11C76D431965BB1700732833 /* main.cpp in Sources */,
				11C76D4D1965BB3D00732833 /* class.Queue.cpp in Sources */,
			);
			runOnlyForDeploymentPostprocessing = 0;
		};
/* End PBXSourcesBuildPhase section */

/* Begin XCBuildConfiguration section */
		11C76D461965BB1700732833 /* Debug */ = {
			isa = XCBuildConfiguration;
			buildSettings = {
				ALWAYS_SEARCH_USER_PATHS = NO;
				ARCHS = "$(ARCHS_STANDARD_64_BIT)";
				CLANG_CXX_LANGUAGE_STANDARD = "gnu++0x";
				CLANG_CXX_LIBRARY = "libc++";
				CLANG_WARN_CONSTANT_CONVERSION = YES;
				CLANG_WARN_EMPTY_BODY = YES;
				CLANG_WARN_ENUM_CONVERSION = YES;
				CLANG_WARN_INT_CONVERSION = YES;
				CLANG_WARN__DUPLICATE_METHOD_MATCH = YES;
				COPY_PHASE_STRIP = NO;
				GCC_C_LANGUAGE_STANDARD = gnu99;
				GCC_DYNAMIC_NO_PIC = NO;
				GCC_ENABLE_OBJC_EXCEPTIONS = YES;
				GCC_OPTIMIZATION_LEVEL = 0;
				GCC_PREPROCESSOR_DEFINITIONS = (
					"DEBUG=1",
					"$(inherited)",
				);
				GCC_SYMBOLS_PRIVATE_EXTERN = NO;
				GCC_WARN_64_TO_32_BIT_CONVERSION = YES;
				GCC_WARN_ABOUT_RETURN_TYPE = YES;
				GCC_WARN_UNINITIALIZED_AUTOS = YES;
				GCC_WARN_UNUSED_VARIABLE = YES;
				MACOSX_DEPLOYMENT_TARGET = 10.9;
				ONLY_ACTIVE_ARCH = YES;
				SDKROOT = macosx;
			};
			name = Debug;
		};
		11C76D471965BB1700732833 /* Release */ = {
			isa = XCBuildConfiguration;
			buildSettings = {
				ALWAYS_SEARCH_USER_PATHS = NO;
				ARCHS = "$(ARCHS_STANDARD_64_BIT)";
				CLANG_CXX_LANGUAGE_STANDARD = "gnu++0x";
				CLANG_CXX_LIBRARY = "libc++";
				CLANG_WARN_CONSTANT_CONVERSION = YES;
				CLANG_WARN_EMPTY_BODY = YES;
				CLANG_WARN_ENUM_CONVERSION = YES;
				CLANG_WARN_INT_CONVERSION = YES;
				CLANG_WARN__DUPLICATE_METHOD_MATCH = YES;
				COPY_PHASE_STRIP = YES;
				DEBUG_INFORMATION_FORMAT = "dwarf-with-dsym";
				GCC_C_LANGUAGE_STANDARD = gnu99;
				GCC_ENABLE_OBJC_EXCEPTIONS = YES;
				GCC_WARN_64_TO_32_BIT_CONVERSION = YES;
				GCC_WARN_ABOUT_RETURN_TYPE = YES;
				GCC_WARN_UNINITIALIZED_AUTOS = YES;
				GCC_WARN_UNUSED_VARIABLE = YES;
				MACOSX_DEPLOYMENT_TARGET = 10.9;
				SDKROOT = macosx;
			};
			name = Release;
		};
		11C76D491965BB1700732833 /* Debug */ = {
			isa = XCBuildConfiguration;
			buildSettings = {
				PRODUCT_NAME = "$(TARGET_NAME)";
			};
			name = Debug;
		};
		11C76D4A1965BB1700732833 /* Release */ = {
			isa = XCBuildConfiguration;
			buildSettings = {
				PRODUCT_NAME = "$(TARGET_NAME)";
			};
			name = Release;
		};
/* End XCBuildConfiguration section */

/* Begin XCConfigurationList section */
		11C76D3A1965BB1700732833 /* Build configuration list for PBXProject "Queue" */ = {
			isa = XCConfigurationList;
			buildConfigurations = (
				11C76D461965BB1700732833 /* Debug */,
				11C76D471965BB1700732833 /* Release */,
			);
			defaultConfigurationIsVisible = 0;
			defaultConfigurationName = Release;
		};
		11C76D481965BB1700732833 /* Build configuration list for PBXNativeTarget "Queue" */ = {
			isa = XCConfigurationList;
			buildConfigurations = (
				11C76D491965BB1700732833 /* Debug */,
				11C76D4A1965BB1700732833 /* Release */,
			);
			defaultConfigurationIsVisible = 0;
		};
/* End XCConfigurationList section */
	};
	rootObject = 11C76D371965BB1700732833 /* Project object */;
}
