// !$*UTF8*$!
{
	archiveVersion = 1;
	classes = {
	};
	objectVersion = 46;
	objects = {

/* Begin PBXBuildFile section */
		11F196F71966BEE1006D8A18 /* main.cpp in Sources */ = {isa = PBXBuildFile; fileRef = 11F196F61966BEE1006D8A18 /* main.cpp */; };
		11F196F91966BEE1006D8A18 /* Dijkstra.1 in CopyFiles */ = {isa = PBXBuildFile; fileRef = 11F196F81966BEE1006D8A18 /* Dijkstra.1 */; };
/* End PBXBuildFile section */

/* Begin PBXCopyFilesBuildPhase section */
		11F196F11966BEE1006D8A18 /* CopyFiles */ = {
			isa = PBXCopyFilesBuildPhase;
			buildActionMask = 2147483647;
			dstPath = /usr/share/man/man1/;
			dstSubfolderSpec = 0;
			files = (
				11F196F91966BEE1006D8A18 /* Dijkstra.1 in CopyFiles */,
			);
			runOnlyForDeploymentPostprocessing = 1;
		};
/* End PBXCopyFilesBuildPhase section */

/* Begin PBXFileReference section */
		11F196F31966BEE1006D8A18 /* Dijkstra */ = {isa = PBXFileReference; explicitFileType = "compiled.mach-o.executable"; includeInIndex = 0; path = Dijkstra; sourceTree = BUILT_PRODUCTS_DIR; };
		11F196F61966BEE1006D8A18 /* main.cpp */ = {isa = PBXFileReference; lastKnownFileType = sourcecode.cpp.cpp; path = main.cpp; sourceTree = "<group>"; };
		11F196F81966BEE1006D8A18 /* Dijkstra.1 */ = {isa = PBXFileReference; lastKnownFileType = text.man; path = Dijkstra.1; sourceTree = "<group>"; };
/* End PBXFileReference section */

/* Begin PBXFrameworksBuildPhase section */
		11F196F01966BEE1006D8A18 /* Frameworks */ = {
			isa = PBXFrameworksBuildPhase;
			buildActionMask = 2147483647;
			files = (
			);
			runOnlyForDeploymentPostprocessing = 0;
		};
/* End PBXFrameworksBuildPhase section */

/* Begin PBXGroup section */
		11F196EA1966BEE1006D8A18 = {
			isa = PBXGroup;
			children = (
				11F196F51966BEE1006D8A18 /* Dijkstra */,
				11F196F41966BEE1006D8A18 /* Products */,
			);
			sourceTree = "<group>";
		};
		11F196F41966BEE1006D8A18 /* Products */ = {
			isa = PBXGroup;
			children = (
				11F196F31966BEE1006D8A18 /* Dijkstra */,
			);
			name = Products;
			sourceTree = "<group>";
		};
		11F196F51966BEE1006D8A18 /* Dijkstra */ = {
			isa = PBXGroup;
			children = (
				11F196F61966BEE1006D8A18 /* main.cpp */,
				11F196F81966BEE1006D8A18 /* Dijkstra.1 */,
			);
			path = Dijkstra;
			sourceTree = "<group>";
		};
/* End PBXGroup section */

/* Begin PBXNativeTarget section */
		11F196F21966BEE1006D8A18 /* Dijkstra */ = {
			isa = PBXNativeTarget;
			buildConfigurationList = 11F196FC1966BEE1006D8A18 /* Build configuration list for PBXNativeTarget "Dijkstra" */;
			buildPhases = (
				11F196EF1966BEE1006D8A18 /* Sources */,
				11F196F01966BEE1006D8A18 /* Frameworks */,
				11F196F11966BEE1006D8A18 /* CopyFiles */,
			);
			buildRules = (
			);
			dependencies = (
			);
			name = Dijkstra;
			productName = Dijkstra;
			productReference = 11F196F31966BEE1006D8A18 /* Dijkstra */;
			productType = "com.apple.product-type.tool";
		};
/* End PBXNativeTarget section */

/* Begin PBXProject section */
		11F196EB1966BEE1006D8A18 /* Project object */ = {
			isa = PBXProject;
			attributes = {
				LastUpgradeCheck = 0460;
				ORGANIZATIONNAME = "Vladimir Kuzmov";
			};
			buildConfigurationList = 11F196EE1966BEE1006D8A18 /* Build configuration list for PBXProject "Dijkstra" */;
			compatibilityVersion = "Xcode 3.2";
			developmentRegion = English;
			hasScannedForEncodings = 0;
			knownRegions = (
				en,
			);
			mainGroup = 11F196EA1966BEE1006D8A18;
			productRefGroup = 11F196F41966BEE1006D8A18 /* Products */;
			projectDirPath = "";
			projectRoot = "";
			targets = (
				11F196F21966BEE1006D8A18 /* Dijkstra */,
			);
		};
/* End PBXProject section */

/* Begin PBXSourcesBuildPhase section */
		11F196EF1966BEE1006D8A18 /* Sources */ = {
			isa = PBXSourcesBuildPhase;
			buildActionMask = 2147483647;
			files = (
				11F196F71966BEE1006D8A18 /* main.cpp in Sources */,
			);
			runOnlyForDeploymentPostprocessing = 0;
		};
/* End PBXSourcesBuildPhase section */

/* Begin XCBuildConfiguration section */
		11F196FA1966BEE1006D8A18 /* Debug */ = {
			isa = XCBuildConfiguration;
			buildSettings = {
				ALWAYS_SEARCH_USER_PATHS = NO;
				ARCHS = "$(ARCHS_STANDARD_64_BIT)";
				CLANG_CXX_LANGUAGE_STANDARD = "gnu++0x";
				CLANG_CXX_LIBRARY = "libc++";
				CLANG_WARN_CONSTANT_CONVERSION = YES;
				CLANG_WARN_EMPTY_BODY = YES;
				CLANG_WARN_ENUM_CONVERSION = YES;
				CLANG_WARN_INT_CONVERSION = YES;
				CLANG_WARN__DUPLICATE_METHOD_MATCH = YES;
				COPY_PHASE_STRIP = NO;
				GCC_C_LANGUAGE_STANDARD = gnu99;
				GCC_DYNAMIC_NO_PIC = NO;
				GCC_ENABLE_OBJC_EXCEPTIONS = YES;
				GCC_OPTIMIZATION_LEVEL = 0;
				GCC_PREPROCESSOR_DEFINITIONS = (
					"DEBUG=1",
					"$(inherited)",
				);
				GCC_SYMBOLS_PRIVATE_EXTERN = NO;
				GCC_WARN_64_TO_32_BIT_CONVERSION = YES;
				GCC_WARN_ABOUT_RETURN_TYPE = YES;
				GCC_WARN_UNINITIALIZED_AUTOS = YES;
				GCC_WARN_UNUSED_VARIABLE = YES;
				MACOSX_DEPLOYMENT_TARGET = 10.9;
				ONLY_ACTIVE_ARCH = YES;
				SDKROOT = macosx;
			};
			name = Debug;
		};
		11F196FB1966BEE1006D8A18 /* Release */ = {
			isa = XCBuildConfiguration;
			buildSettings = {
				ALWAYS_SEARCH_USER_PATHS = NO;
				ARCHS = "$(ARCHS_STANDARD_64_BIT)";
				CLANG_CXX_LANGUAGE_STANDARD = "gnu++0x";
				CLANG_CXX_LIBRARY = "libc++";
				CLANG_WARN_CONSTANT_CONVERSION = YES;
				CLANG_WARN_EMPTY_BODY = YES;
				CLANG_WARN_ENUM_CONVERSION = YES;
				CLANG_WARN_INT_CONVERSION = YES;
				CLANG_WARN__DUPLICATE_METHOD_MATCH = YES;
				COPY_PHASE_STRIP = YES;
				DEBUG_INFORMATION_FORMAT = "dwarf-with-dsym";
				GCC_C_LANGUAGE_STANDARD = gnu99;
				GCC_ENABLE_OBJC_EXCEPTIONS = YES;
				GCC_WARN_64_TO_32_BIT_CONVERSION = YES;
				GCC_WARN_ABOUT_RETURN_TYPE = YES;
				GCC_WARN_UNINITIALIZED_AUTOS = YES;
				GCC_WARN_UNUSED_VARIABLE = YES;
				MACOSX_DEPLOYMENT_TARGET = 10.9;
				SDKROOT = macosx;
			};
			name = Release;
		};
		11F196FD1966BEE1006D8A18 /* Debug */ = {
			isa = XCBuildConfiguration;
			buildSettings = {
				PRODUCT_NAME = "$(TARGET_NAME)";
			};
			name = Debug;
		};
		11F196FE1966BEE1006D8A18 /* Release */ = {
			isa = XCBuildConfiguration;
			buildSettings = {
				PRODUCT_NAME = "$(TARGET_NAME)";
			};
			name = Release;
		};
/* End XCBuildConfiguration section */

/* Begin XCConfigurationList section */
		11F196EE1966BEE1006D8A18 /* Build configuration list for PBXProject "Dijkstra" */ = {
			isa = XCConfigurationList;
			buildConfigurations = (
				11F196FA1966BEE1006D8A18 /* Debug */,
				11F196FB1966BEE1006D8A18 /* Release */,
			);
			defaultConfigurationIsVisible = 0;
			defaultConfigurationName = Release;
		};
		11F196FC1966BEE1006D8A18 /* Build configuration list for PBXNativeTarget "Dijkstra" */ = {
			isa = XCConfigurationList;
			buildConfigurations = (
				11F196FD1966BEE1006D8A18 /* Debug */,
				11F196FE1966BEE1006D8A18 /* Release */,
			);
			defaultConfigurationIsVisible = 0;
		};
/* End XCConfigurationList section */
	};
	rootObject = 11F196EB1966BEE1006D8A18 /* Project object */;
}
