// !$*UTF8*$!
{
	archiveVersion = 1;
	classes = {
	};
	objectVersion = 46;
	objects = {

/* Begin PBXBuildFile section */
		1182E1B319B771BF00BCF51F /* main.cpp in Sources */ = {isa = PBXBuildFile; fileRef = 1182E1B219B771BF00BCF51F /* main.cpp */; };
		1182E1B519B771BF00BCF51F /* _010_07_zad3.1 in CopyFiles */ = {isa = PBXBuildFile; fileRef = 1182E1B419B771BF00BCF51F /* _010_07_zad3.1 */; };
/* End PBXBuildFile section */

/* Begin PBXCopyFilesBuildPhase section */
		1182E1AD19B771BF00BCF51F /* CopyFiles */ = {
			isa = PBXCopyFilesBuildPhase;
			buildActionMask = 2147483647;
			dstPath = /usr/share/man/man1/;
			dstSubfolderSpec = 0;
			files = (
				1182E1B519B771BF00BCF51F /* _010_07_zad3.1 in CopyFiles */,
			);
			runOnlyForDeploymentPostprocessing = 1;
		};
/* End PBXCopyFilesBuildPhase section */

/* Begin PBXFileReference section */
		1182E1AF19B771BF00BCF51F /* 2010-07-zad3 */ = {isa = PBXFileReference; explicitFileType = "compiled.mach-o.executable"; includeInIndex = 0; path = "2010-07-zad3"; sourceTree = BUILT_PRODUCTS_DIR; };
		1182E1B219B771BF00BCF51F /* main.cpp */ = {isa = PBXFileReference; lastKnownFileType = sourcecode.cpp.cpp; path = main.cpp; sourceTree = "<group>"; };
		1182E1B419B771BF00BCF51F /* _010_07_zad3.1 */ = {isa = PBXFileReference; lastKnownFileType = text.man; path = _010_07_zad3.1; sourceTree = "<group>"; };
		1182E1BB19B7732800BCF51F /* wordlist.txt */ = {isa = PBXFileReference; fileEncoding = 4; lastKnownFileType = text; path = wordlist.txt; sourceTree = "<group>"; };
/* End PBXFileReference section */

/* Begin PBXFrameworksBuildPhase section */
		1182E1AC19B771BF00BCF51F /* Frameworks */ = {
			isa = PBXFrameworksBuildPhase;
			buildActionMask = 2147483647;
			files = (
			);
			runOnlyForDeploymentPostprocessing = 0;
		};
/* End PBXFrameworksBuildPhase section */

/* Begin PBXGroup section */
		1182E1A619B771BF00BCF51F = {
			isa = PBXGroup;
			children = (
				1182E1B119B771BF00BCF51F /* 2010-07-zad3 */,
				1182E1B019B771BF00BCF51F /* Products */,
			);
			sourceTree = "<group>";
		};
		1182E1B019B771BF00BCF51F /* Products */ = {
			isa = PBXGroup;
			children = (
				1182E1AF19B771BF00BCF51F /* 2010-07-zad3 */,
			);
			name = Products;
			sourceTree = "<group>";
		};
		1182E1B119B771BF00BCF51F /* 2010-07-zad3 */ = {
			isa = PBXGroup;
			children = (
				1182E1B219B771BF00BCF51F /* main.cpp */,
				1182E1BB19B7732800BCF51F /* wordlist.txt */,
				1182E1B419B771BF00BCF51F /* _010_07_zad3.1 */,
			);
			path = "2010-07-zad3";
			sourceTree = "<group>";
		};
/* End PBXGroup section */

/* Begin PBXNativeTarget section */
		1182E1AE19B771BF00BCF51F /* 2010-07-zad3 */ = {
			isa = PBXNativeTarget;
			buildConfigurationList = 1182E1B819B771BF00BCF51F /* Build configuration list for PBXNativeTarget "2010-07-zad3" */;
			buildPhases = (
				1182E1AB19B771BF00BCF51F /* Sources */,
				1182E1AC19B771BF00BCF51F /* Frameworks */,
				1182E1AD19B771BF00BCF51F /* CopyFiles */,
			);
			buildRules = (
			);
			dependencies = (
			);
			name = "2010-07-zad3";
			productName = "2010-07-zad3";
			productReference = 1182E1AF19B771BF00BCF51F /* 2010-07-zad3 */;
			productType = "com.apple.product-type.tool";
		};
/* End PBXNativeTarget section */

/* Begin PBXProject section */
		1182E1A719B771BF00BCF51F /* Project object */ = {
			isa = PBXProject;
			attributes = {
				LastUpgradeCheck = 0460;
				ORGANIZATIONNAME = "Vladimir Kuzmov";
			};
			buildConfigurationList = 1182E1AA19B771BF00BCF51F /* Build configuration list for PBXProject "2010-07-zad3" */;
			compatibilityVersion = "Xcode 3.2";
			developmentRegion = English;
			hasScannedForEncodings = 0;
			knownRegions = (
				en,
			);
			mainGroup = 1182E1A619B771BF00BCF51F;
			productRefGroup = 1182E1B019B771BF00BCF51F /* Products */;
			projectDirPath = "";
			projectRoot = "";
			targets = (
				1182E1AE19B771BF00BCF51F /* 2010-07-zad3 */,
			);
		};
/* End PBXProject section */

/* Begin PBXSourcesBuildPhase section */
		1182E1AB19B771BF00BCF51F /* Sources */ = {
			isa = PBXSourcesBuildPhase;
			buildActionMask = 2147483647;
			files = (
				1182E1B319B771BF00BCF51F /* main.cpp in Sources */,
			);
			runOnlyForDeploymentPostprocessing = 0;
		};
/* End PBXSourcesBuildPhase section */

/* Begin XCBuildConfiguration section */
		1182E1B619B771BF00BCF51F /* Debug */ = {
			isa = XCBuildConfiguration;
			buildSettings = {
				ALWAYS_SEARCH_USER_PATHS = NO;
				ARCHS = "$(ARCHS_STANDARD_64_BIT)";
				CLANG_CXX_LANGUAGE_STANDARD = "gnu++0x";
				CLANG_CXX_LIBRARY = "libc++";
				CLANG_WARN_CONSTANT_CONVERSION = YES;
				CLANG_WARN_EMPTY_BODY = YES;
				CLANG_WARN_ENUM_CONVERSION = YES;
				CLANG_WARN_INT_CONVERSION = YES;
				CLANG_WARN__DUPLICATE_METHOD_MATCH = YES;
				COPY_PHASE_STRIP = NO;
				GCC_C_LANGUAGE_STANDARD = gnu99;
				GCC_DYNAMIC_NO_PIC = NO;
				GCC_ENABLE_OBJC_EXCEPTIONS = YES;
				GCC_OPTIMIZATION_LEVEL = 0;
				GCC_PREPROCESSOR_DEFINITIONS = (
					"DEBUG=1",
					"$(inherited)",
				);
				GCC_SYMBOLS_PRIVATE_EXTERN = NO;
				GCC_WARN_64_TO_32_BIT_CONVERSION = YES;
				GCC_WARN_ABOUT_RETURN_TYPE = YES;
				GCC_WARN_UNINITIALIZED_AUTOS = YES;
				GCC_WARN_UNUSED_VARIABLE = YES;
				MACOSX_DEPLOYMENT_TARGET = 10.9;
				ONLY_ACTIVE_ARCH = YES;
				SDKROOT = macosx;
			};
			name = Debug;
		};
		1182E1B719B771BF00BCF51F /* Release */ = {
			isa = XCBuildConfiguration;
			buildSettings = {
				ALWAYS_SEARCH_USER_PATHS = NO;
				ARCHS = "$(ARCHS_STANDARD_64_BIT)";
				CLANG_CXX_LANGUAGE_STANDARD = "gnu++0x";
				CLANG_CXX_LIBRARY = "libc++";
				CLANG_WARN_CONSTANT_CONVERSION = YES;
				CLANG_WARN_EMPTY_BODY = YES;
				CLANG_WARN_ENUM_CONVERSION = YES;
				CLANG_WARN_INT_CONVERSION = YES;
				CLANG_WARN__DUPLICATE_METHOD_MATCH = YES;
				COPY_PHASE_STRIP = YES;
				DEBUG_INFORMATION_FORMAT = "dwarf-with-dsym";
				GCC_C_LANGUAGE_STANDARD = gnu99;
				GCC_ENABLE_OBJC_EXCEPTIONS = YES;
				GCC_WARN_64_TO_32_BIT_CONVERSION = YES;
				GCC_WARN_ABOUT_RETURN_TYPE = YES;
				GCC_WARN_UNINITIALIZED_AUTOS = YES;
				GCC_WARN_UNUSED_VARIABLE = YES;
				MACOSX_DEPLOYMENT_TARGET = 10.9;
				SDKROOT = macosx;
			};
			name = Release;
		};
		1182E1B919B771BF00BCF51F /* Debug */ = {
			isa = XCBuildConfiguration;
			buildSettings = {
				PRODUCT_NAME = "$(TARGET_NAME)";
			};
			name = Debug;
		};
		1182E1BA19B771BF00BCF51F /* Release */ = {
			isa = XCBuildConfiguration;
			buildSettings = {
				PRODUCT_NAME = "$(TARGET_NAME)";
			};
			name = Release;
		};
/* End XCBuildConfiguration section */

/* Begin XCConfigurationList section */
		1182E1AA19B771BF00BCF51F /* Build configuration list for PBXProject "2010-07-zad3" */ = {
			isa = XCConfigurationList;
			buildConfigurations = (
				1182E1B619B771BF00BCF51F /* Debug */,
				1182E1B719B771BF00BCF51F /* Release */,
			);
			defaultConfigurationIsVisible = 0;
			defaultConfigurationName = Release;
		};
		1182E1B819B771BF00BCF51F /* Build configuration list for PBXNativeTarget "2010-07-zad3" */ = {
			isa = XCConfigurationList;
			buildConfigurations = (
				1182E1B919B771BF00BCF51F /* Debug */,
				1182E1BA19B771BF00BCF51F /* Release */,
			);
			defaultConfigurationIsVisible = 0;
		};
/* End XCConfigurationList section */
	};
	rootObject = 1182E1A719B771BF00BCF51F /* Project object */;
}
